
Microsoft Visual Studio Solution File, Format Version 12.00
# Visual Studio Version 17
VisualStudioVersion = 17.1.32210.238
MinimumVisualStudioVersion = 10.0.40219.1
Project("{FAE04EC0-301F-11D3-BF4B-00C04F79EFBC}") = "PokemonApi", "PokemonApi\PokemonApi.csproj", "{6F629BD7-0F19-4235-846A-E4636A8B0950}"
EndProject
Global
	GlobalSection(SolutionConfigurationPlatforms) = preSolution
		Debug|Any CPU = Debug|Any CPU
		Release|Any CPU = Release|Any CPU
	EndGlobalSection
	GlobalSection(ProjectConfigurationPlatforms) = postSolution
		{6F629BD7-0F19-4235-846A-E4636A8B0950}.Debug|Any CPU.ActiveCfg = Debug|Any CPU
		{6F629BD7-0F19-4235-846A-E4636A8B0950}.Debug|Any CPU.Build.0 = Debug|Any CPU
		{6F629BD7-0F19-4235-846A-E4636A8B0950}.Release|Any CPU.ActiveCfg = Release|Any CPU
		{6F629BD7-0F19-4235-846A-E4636A8B0950}.Release|Any CPU.Build.0 = Release|Any CPU
	EndGlobalSection
	GlobalSection(SolutionProperties) = preSolution
		HideSolutionNode = FALSE
	EndGlobalSection
	GlobalSection(ExtensibilityGlobals) = postSolution
		SolutionGuid = {34F112E8-6A95-4E54-B130-2AF84AA256A3}
	EndGlobalSection
EndGlobal
